lockfileVersion: '9.0'

settings:
  autoInstallPeers: true
  excludeLinksFromLockfile: false

importers:

  .:
    dependencies:
      '@joint/core':
        specifier: 4.2.4
        version: 4.2.4
      rbush:
        specifier: 4.0.1
        version: 4.0.1
    devDependencies:
      typescript:
        specifier: 5.9.3
        version: 5.9.3

packages:

  '@joint/core@4.2.4':
    resolution: {integrity: sha512-GMXYz40VQ5AtDDp0/Z08pAN3w8H7DaUdKitVAqkDegXN29uzq5TvB/O7i0Mwc87WB3sc032Asj+hLKicCLjSxA==}

  quickselect@3.0.0:
    resolution: {integrity: sha512-XdjUArbK4Bm5fLLvlm5KpTFOiOThgfWWI4axAZDWg4E/0mKdZyI9tNEfds27qCi1ze/vwTR16kvmmGhRra3c2g==}

  rbush@4.0.1:
    resolution: {integrity: sha512-IP0UpfeWQujYC8Jg162rMNc01Rf0gWMMAb2Uxus/Q0qOFw4lCcq6ZnQEZwUoJqWyUGJ9th7JjwI4yIWo+uvoAQ==}

  typescript@5.9.3:
    resolution: {integrity: sha512-jl1vZzPDinLr9eUt3J/t7V6FgNEw9QjvBPdysz9KfQDD41fQrC2Y4vKQdiaUpFT4bXlb1RHhLpp8wtm6M5TgSw==}
    engines: {node: '>=14.17'}
    hasBin: true

snapshots:

  '@joint/core@4.2.4': {}

  quickselect@3.0.0: {}

  rbush@4.0.1:
    dependencies:
      quickselect: 3.0.0

  typescript@5.9.3: {}
